
Microsoft Visual Studio Solution File, Format Version 12.00
# Visual Studio Version 17
VisualStudioVersion = 17.8.34330.188
MinimumVisualStudioVersion = 10.0.40219.1
Project("{FAE04EC0-301F-11D3-BF4B-00C04F79EFBC}") = "ExchangeRate.Tracker.WebApi", "ExchangeRate.Tracker.WebApi\ExchangeRate.Tracker.WebApi.csproj", "{7815CB58-D0B0-4B88-A07B-12A5493503A7}"
EndProject
Global
	GlobalSection(SolutionConfigurationPlatforms) = preSolution
		Debug|Any CPU = Debug|Any CPU
		Release|Any CPU = Release|Any CPU
	EndGlobalSection
	GlobalSection(ProjectConfigurationPlatforms) = postSolution
		{7815CB58-D0B0-4B88-A07B-12A5493503A7}.Debug|Any CPU.ActiveCfg = Debug|Any CPU
		{7815CB58-D0B0-4B88-A07B-12A5493503A7}.Debug|Any CPU.Build.0 = Debug|Any CPU
		{7815CB58-D0B0-4B88-A07B-12A5493503A7}.Release|Any CPU.ActiveCfg = Release|Any CPU
		{7815CB58-D0B0-4B88-A07B-12A5493503A7}.Release|Any CPU.Build.0 = Release|Any CPU
	EndGlobalSection
	GlobalSection(SolutionProperties) = preSolution
		HideSolutionNode = FALSE
	EndGlobalSection
	GlobalSection(ExtensibilityGlobals) = postSolution
		SolutionGuid = {D31A92D7-BCD7-4552-AF54-10033353F936}
	EndGlobalSection
EndGlobal
